// !$*UTF8*$!
{
	archiveVersion = 1;
	classes = {
	};
	objectVersion = 48;
	objects = {

/* Begin PBXBuildFile section */
		E5CC876C2009F77800BA4B36 /* AppDelegate.swift in Sources */ = {isa = PBXBuildFile; fileRef = E5CC876B2009F77800BA4B36 /* AppDelegate.swift */; };
		E5CC876E2009F77800BA4B36 /* ToDoListViewController.swift in Sources */ = {isa = PBXBuildFile; fileRef = E5CC876D2009F77800BA4B36 /* ToDoListViewController.swift */; };
		E5CC87712009F77800BA4B36 /* Main.storyboard in Resources */ = {isa = PBXBuildFile; fileRef = E5CC876F2009F77800BA4B36 /* Main.storyboard */; };
		E5CC87732009F77800BA4B36 /* Assets.xcassets in Resources */ = {isa = PBXBuildFile; fileRef = E5CC87722009F77800BA4B36 /* Assets.xcassets */; };
		E5CC87762009F77800BA4B36 /* LaunchScreen.storyboard in Resources */ = {isa = PBXBuildFile; fileRef = E5CC87742009F77800BA4B36 /* LaunchScreen.storyboard */; };
		E5CC877E2009FAA700BA4B36 /* MotionPicture_PersonalUseOnly.ttf in Resources */ = {isa = PBXBuildFile; fileRef = E5CC877D2009FAA600BA4B36 /* MotionPicture_PersonalUseOnly.ttf */; };
/* End PBXBuildFile section */

/* Begin PBXFileReference section */
		E5CC87682009F77800BA4B36 /* ToDoToDoey.app */ = {isa = PBXFileReference; explicitFileType = wrapper.application; includeInIndex = 0; path = ToDoToDoey.app; sourceTree = BUILT_PRODUCTS_DIR; };
		E5CC876B2009F77800BA4B36 /* AppDelegate.swift */ = {isa = PBXFileReference; lastKnownFileType = sourcecode.swift; path = AppDelegate.swift; sourceTree = "<group>"; };
		E5CC876D2009F77800BA4B36 /* ToDoListViewController.swift */ = {isa = PBXFileReference; lastKnownFileType = sourcecode.swift; path = ToDoListViewController.swift; sourceTree = "<group>"; };
		E5CC87702009F77800BA4B36 /* Base */ = {isa = PBXFileReference; lastKnownFileType = file.storyboard; name = Base; path = Base.lproj/Main.storyboard; sourceTree = "<group>"; };
		E5CC87722009F77800BA4B36 /* Assets.xcassets */ = {isa = PBXFileReference; lastKnownFileType = folder.assetcatalog; path = Assets.xcassets; sourceTree = "<group>"; };
		E5CC87752009F77800BA4B36 /* Base */ = {isa = PBXFileReference; lastKnownFileType = file.storyboard; name = Base; path = Base.lproj/LaunchScreen.storyboard; sourceTree = "<group>"; };
		E5CC87772009F77800BA4B36 /* Info.plist */ = {isa = PBXFileReference; lastKnownFileType = text.plist.xml; path = Info.plist; sourceTree = "<group>"; };
		E5CC877D2009FAA600BA4B36 /* MotionPicture_PersonalUseOnly.ttf */ = {isa = PBXFileReference; lastKnownFileType = file; path = MotionPicture_PersonalUseOnly.ttf; sourceTree = "<group>"; };
/* End PBXFileReference section */

/* Begin PBXFrameworksBuildPhase section */
		E5CC87652009F77800BA4B36 /* Frameworks */ = {
			isa = PBXFrameworksBuildPhase;
			buildActionMask = 2147483647;
			files = (
			);
			runOnlyForDeploymentPostprocessing = 0;
		};
/* End PBXFrameworksBuildPhase section */

/* Begin PBXGroup section */
		E5CC875F2009F77800BA4B36 = {
			isa = PBXGroup;
			children = (
				E5CC876A2009F77800BA4B36 /* ToDoToDoey */,
				E5CC87692009F77800BA4B36 /* Products */,
			);
			sourceTree = "<group>";
		};
		E5CC87692009F77800BA4B36 /* Products */ = {
			isa = PBXGroup;
			children = (
				E5CC87682009F77800BA4B36 /* ToDoToDoey.app */,
			);
			name = Products;
			sourceTree = "<group>";
		};
		E5CC876A2009F77800BA4B36 /* ToDoToDoey */ = {
			isa = PBXGroup;
			children = (
				E5CC876B2009F77800BA4B36 /* AppDelegate.swift */,
				E5CC876D2009F77800BA4B36 /* ToDoListViewController.swift */,
				E5CC876F2009F77800BA4B36 /* Main.storyboard */,
				E5CC87722009F77800BA4B36 /* Assets.xcassets */,
				E5CC87742009F77800BA4B36 /* LaunchScreen.storyboard */,
				E5CC877D2009FAA600BA4B36 /* MotionPicture_PersonalUseOnly.ttf */,
				E5CC87772009F77800BA4B36 /* Info.plist */,
			);
			path = ToDoToDoey;
			sourceTree = "<group>";
		};
/* End PBXGroup section */

/* Begin PBXNativeTarget section */
		E5CC87672009F77800BA4B36 /* ToDoToDoey */ = {
			isa = PBXNativeTarget;
			buildConfigurationList = E5CC877A2009F77900BA4B36 /* Build configuration list for PBXNativeTarget "ToDoToDoey" */;
			buildPhases = (
				E5CC87642009F77800BA4B36 /* Sources */,
				E5CC87652009F77800BA4B36 /* Frameworks */,
				E5CC87662009F77800BA4B36 /* Resources */,
			);
			buildRules = (
			);
			dependencies = (
			);
			name = ToDoToDoey;
			productName = ToDoToDoey;
			productReference = E5CC87682009F77800BA4B36 /* ToDoToDoey.app */;
			productType = "com.apple.product-type.application";
		};
/* End PBXNativeTarget section */

/* Begin PBXProject section */
		E5CC87602009F77800BA4B36 /* Project object */ = {
			isa = PBXProject;
			attributes = {
				LastSwiftUpdateCheck = 0920;
				LastUpgradeCheck = 0920;
				ORGANIZATIONNAME = "John Yee";
				TargetAttributes = {
					E5CC87672009F77800BA4B36 = {
						CreatedOnToolsVersion = 9.2;
						ProvisioningStyle = Automatic;
					};
				};
			};
			buildConfigurationList = E5CC87632009F77800BA4B36 /* Build configuration list for PBXProject "ToDoToDoey" */;
			compatibilityVersion = "Xcode 8.0";
			developmentRegion = en;
			hasScannedForEncodings = 0;
			knownRegions = (
				en,
				Base,
			);
			mainGroup = E5CC875F2009F77800BA4B36;
			productRefGroup = E5CC87692009F77800BA4B36 /* Products */;
			projectDirPath = "";
			projectRoot = "";
			targets = (
				E5CC87672009F77800BA4B36 /* ToDoToDoey */,
			);
		};
/* End PBXProject section */

/* Begin PBXResourcesBuildPhase section */
		E5CC87662009F77800BA4B36 /* Resources */ = {
			isa = PBXResourcesBuildPhase;
			buildActionMask = 2147483647;
			files = (
				E5CC87762009F77800BA4B36 /* LaunchScreen.storyboard in Resources */,
				E5CC87732009F77800BA4B36 /* Assets.xcassets in Resources */,
				E5CC87712009F77800BA4B36 /* Main.storyboard in Resources */,
				E5CC877E2009FAA700BA4B36 /* MotionPicture_PersonalUseOnly.ttf in Resources */,
			);
			runOnlyForDeploymentPostprocessing = 0;
		};
/* End PBXResourcesBuildPhase section */

/* Begin PBXSourcesBuildPhase section */
		E5CC87642009F77800BA4B36 /* Sources */ = {
			isa = PBXSourcesBuildPhase;
			buildActionMask = 2147483647;
			files = (
				E5CC876E2009F77800BA4B36 /* ToDoListViewController.swift in Sources */,
				E5CC876C2009F77800BA4B36 /* AppDelegate.swift in Sources */,
			);
			runOnlyForDeploymentPostprocessing = 0;
		};
/* End PBXSourcesBuildPhase section */

/* Begin PBXVariantGroup section */
		E5CC876F2009F77800BA4B36 /* Main.storyboard */ = {
			isa = PBXVariantGroup;
			children = (
				E5CC87702009F77800BA4B36 /* Base */,
			);
			name = Main.storyboard;
			sourceTree = "<group>";
		};
		E5CC87742009F77800BA4B36 /* LaunchScreen.storyboard */ = {
			isa = PBXVariantGroup;
			children = (
				E5CC87752009F77800BA4B36 /* Base */,
			);
			name = LaunchScreen.storyboard;
			sourceTree = "<group>";
		};
/* End PBXVariantGroup section */

/* Begin XCBuildConfiguration section */
		E5CC87782009F77900BA4B36 /* Debug */ = {
			isa = XCBuildConfiguration;
			buildSettings = {
				ALWAYS_SEARCH_USER_PATHS = NO;
				CLANG_ANALYZER_NONNULL = YES;
				CLANG_ANALYZER_NUMBER_OBJECT_CONVERSION = YES_AGGRESSIVE;
				CLANG_CXX_LANGUAGE_STANDARD = "gnu++14";
				CLANG_CXX_LIBRARY = "libc++";
				CLANG_ENABLE_MODULES = YES;
				CLANG_ENABLE_OBJC_ARC = YES;
				CLANG_WARN_BLOCK_CAPTURE_AUTORELEASING = YES;
				CLANG_WARN_BOOL_CONVERSION = YES;
				CLANG_WARN_COMMA = YES;
				CLANG_WARN_CONSTANT_CONVERSION = YES;
				CLANG_WARN_DIRECT_OBJC_ISA_USAGE = YES_ERROR;
				CLANG_WARN_DOCUMENTATION_COMMENTS = YES;
				CLANG_WARN_EMPTY_BODY = YES;
				CLANG_WARN_ENUM_CONVERSION = YES;
				CLANG_WARN_INFINITE_RECURSION = YES;
				CLANG_WARN_INT_CONVERSION = YES;
				CLANG_WARN_NON_LITERAL_NULL_CONVERSION = YES;
				CLANG_WARN_OBJC_LITERAL_CONVERSION = YES;
				CLANG_WARN_OBJC_ROOT_CLASS = YES_ERROR;
				CLANG_WARN_RANGE_LOOP_ANALYSIS = YES;
				CLANG_WARN_STRICT_PROTOTYPES = YES;
				CLANG_WARN_SUSPICIOUS_MOVE = YES;
				CLANG_WARN_UNGUARDED_AVAILABILITY = YES_AGGRESSIVE;
				CLANG_WARN_UNREACHABLE_CODE = YES;
				CLANG_WARN__DUPLICATE_METHOD_MATCH = YES;
				CODE_SIGN_IDENTITY = "iPhone Developer";
				COPY_PHASE_STRIP = NO;
				DEBUG_INFORMATION_FORMAT = dwarf;
				ENABLE_STRICT_OBJC_MSGSEND = YES;
				ENABLE_TESTABILITY = YES;
				GCC_C_LANGUAGE_STANDARD = gnu11;
				GCC_DYNAMIC_NO_PIC = NO;
				GCC_NO_COMMON_BLOCKS = YES;
				GCC_OPTIMIZATION_LEVEL = 0;
				GCC_PREPROCESSOR_DEFINITIONS = (
					"DEBUG=1",
					"$(inherited)",
				);
				GCC_WARN_64_TO_32_BIT_CONVERSION = YES;
				GCC_WARN_ABOUT_RETURN_TYPE = YES_ERROR;
				GCC_WARN_UNDECLARED_SELECTOR = YES;
				GCC_WARN_UNINITIALIZED_AUTOS = YES_AGGRESSIVE;
				GCC_WARN_UNUSED_FUNCTION = YES;
				GCC_WARN_UNUSED_VARIABLE = YES;
				IPHONEOS_DEPLOYMENT_TARGET = 11.2;
				MTL_ENABLE_DEBUG_INFO = YES;
				ONLY_ACTIVE_ARCH = YES;
				SDKROOT = iphoneos;
				SWIFT_ACTIVE_COMPILATION_CONDITIONS = DEBUG;
				SWIFT_OPTIMIZATION_LEVEL = "-Onone";
			};
			name = Debug;
		};
		E5CC87792009F77900BA4B36 /* Release */ = {
			isa = XCBuildConfiguration;
			buildSettings = {
				ALWAYS_SEARCH_USER_PATHS = NO;
				CLANG_ANALYZER_NONNULL = YES;
				CLANG_ANALYZER_NUMBER_OBJECT_CONVERSION = YES_AGGRESSIVE;
				CLANG_CXX_LANGUAGE_STANDARD = "gnu++14";
				CLANG_CXX_LIBRARY = "libc++";
				CLANG_ENABLE_MODULES = YES;
				CLANG_ENABLE_OBJC_ARC = YES;
				CLANG_WARN_BLOCK_CAPTURE_AUTORELEASING = YES;
				CLANG_WARN_BOOL_CONVERSION = YES;
				CLANG_WARN_COMMA = YES;
				CLANG_WARN_CONSTANT_CONVERSION = YES;
				CLANG_WARN_DIRECT_OBJC_ISA_USAGE = YES_ERROR;
				CLANG_WARN_DOCUMENTATION_COMMENTS = YES;
				CLANG_WARN_EMPTY_BODY = YES;
				CLANG_WARN_ENUM_CONVERSION = YES;
				CLANG_WARN_INFINITE_RECURSION = YES;
				CLANG_WARN_INT_CONVERSION = YES;
				CLANG_WARN_NON_LITERAL_NULL_CONVERSION = YES;
				CLANG_WARN_OBJC_LITERAL_CONVERSION = YES;
				CLANG_WARN_OBJC_ROOT_CLASS = YES_ERROR;
				CLANG_WARN_RANGE_LOOP_ANALYSIS = YES;
				CLANG_WARN_STRICT_PROTOTYPES = YES;
				CLANG_WARN_SUSPICIOUS_MOVE = YES;
				CLANG_WARN_UNGUARDED_AVAILABILITY = YES_AGGRESSIVE;
				CLANG_WARN_UNREACHABLE_CODE = YES;
				CLANG_WARN__DUPLICATE_METHOD_MATCH = YES;
				CODE_SIGN_IDENTITY = "iPhone Developer";
				COPY_PHASE_STRIP = NO;
				DEBUG_INFORMATION_FORMAT = "dwarf-with-dsym";
				ENABLE_NS_ASSERTIONS = NO;
				ENABLE_STRICT_OBJC_MSGSEND = YES;
				GCC_C_LANGUAGE_STANDARD = gnu11;
				GCC_NO_COMMON_BLOCKS = YES;
				GCC_WARN_64_TO_32_BIT_CONVERSION = YES;
				GCC_WARN_ABOUT_RETURN_TYPE = YES_ERROR;
				GCC_WARN_UNDECLARED_SELECTOR = YES;
				GCC_WARN_UNINITIALIZED_AUTOS = YES_AGGRESSIVE;
				GCC_WARN_UNUSED_FUNCTION = YES;
				GCC_WARN_UNUSED_VARIABLE = YES;
				IPHONEOS_DEPLOYMENT_TARGET = 11.2;
				MTL_ENABLE_DEBUG_INFO = NO;
				SDKROOT = iphoneos;
				SWIFT_OPTIMIZATION_LEVEL = "-Owholemodule";
				VALIDATE_PRODUCT = YES;
			};
			name = Release;
		};
		E5CC877B2009F77900BA4B36 /* Debug */ = {
			isa = XCBuildConfiguration;
			buildSettings = {
				ASSETCATALOG_COMPILER_APPICON_NAME = AppIcon;
				CODE_SIGN_STYLE = Automatic;
				INFOPLIST_FILE = ToDoToDoey/Info.plist;
				LD_RUNPATH_SEARCH_PATHS = "$(inherited) @executable_path/Frameworks";
				PRODUCT_BUNDLE_IDENTIFIER = sg.com.d711tll.ToDoToDoey;
				PRODUCT_NAME = "$(TARGET_NAME)";
				SWIFT_VERSION = 4.0;
				TARGETED_DEVICE_FAMILY = "1,2";
			};
			name = Debug;
		};
		E5CC877C2009F77900BA4B36 /* Release */ = {
			isa = XCBuildConfiguration;
			buildSettings = {
				ASSETCATALOG_COMPILER_APPICON_NAME = AppIcon;
				CODE_SIGN_STYLE = Automatic;
				INFOPLIST_FILE = ToDoToDoey/Info.plist;
				LD_RUNPATH_SEARCH_PATHS = "$(inherited) @executable_path/Frameworks";
				PRODUCT_BUNDLE_IDENTIFIER = sg.com.d711tll.ToDoToDoey;
				PRODUCT_NAME = "$(TARGET_NAME)";
				SWIFT_VERSION = 4.0;
				TARGETED_DEVICE_FAMILY = "1,2";
			};
			name = Release;
		};
/* End XCBuildConfiguration section */

/* Begin XCConfigurationList section */
		E5CC87632009F77800BA4B36 /* Build configuration list for PBXProject "ToDoToDoey" */ = {
			isa = XCConfigurationList;
			buildConfigurations = (
				E5CC87782009F77900BA4B36 /* Debug */,
				E5CC87792009F77900BA4B36 /* Release */,
			);
			defaultConfigurationIsVisible = 0;
			defaultConfigurationName = Release;
		};
		E5CC877A2009F77900BA4B36 /* Build configuration list for PBXNativeTarget "ToDoToDoey" */ = {
			isa = XCConfigurationList;
			buildConfigurations = (
				E5CC877B2009F77900BA4B36 /* Debug */,
				E5CC877C2009F77900BA4B36 /* Release */,
			);
			defaultConfigurationIsVisible = 0;
			defaultConfigurationName = Release;
		};
/* End XCConfigurationList section */
	};
	rootObject = E5CC87602009F77800BA4B36 /* Project object */;
}
